
Microsoft Visual Studio Solution File, Format Version 12.00
# Visual Studio Version 16
VisualStudioVersion = 16.0.31005.135
MinimumVisualStudioVersion = 10.0.40219.1
Project("{9A19103F-16F7-4668-BE54-9A1E7A4F7556}") = "GenericRepository", "GenericRepository\GenericRepository.csproj", "{F991E3EA-99F7-4C0E-ACC7-D36098732AB5}"
EndProject
Global
	GlobalSection(SolutionConfigurationPlatforms) = preSolution
		Debug|Any CPU = Debug|Any CPU
		Release|Any CPU = Release|Any CPU
	EndGlobalSection
	GlobalSection(ProjectConfigurationPlatforms) = postSolution
		{F991E3EA-99F7-4C0E-ACC7-D36098732AB5}.Debug|Any CPU.ActiveCfg = Debug|Any CPU
		{F991E3EA-99F7-4C0E-ACC7-D36098732AB5}.Debug|Any CPU.Build.0 = Debug|Any CPU
		{F991E3EA-99F7-4C0E-ACC7-D36098732AB5}.Release|Any CPU.ActiveCfg = Release|Any CPU
		{F991E3EA-99F7-4C0E-ACC7-D36098732AB5}.Release|Any CPU.Build.0 = Release|Any CPU
	EndGlobalSection
	GlobalSection(SolutionProperties) = preSolution
		HideSolutionNode = FALSE
	EndGlobalSection
	GlobalSection(ExtensibilityGlobals) = postSolution
		SolutionGuid = {F81737CE-1140-4392-8FFA-BC874A92CD1A}
	EndGlobalSection
EndGlobal
